
Microsoft Visual Studio Solution File, Format Version 12.00
Project("{FAE04EC0-301F-11D3-BF4B-00C04F79EFBC}") = "BLL", "BLL\BLL.csproj", "{87B1C0F0-E604-4B23-AB35-0AD10992D870}"
EndProject
Project("{FAE04EC0-301F-11D3-BF4B-00C04F79EFBC}") = "Client", "Client\Client.csproj", "{81F3E77A-6DF2-4E50-92B6-3D644E56D98B}"
EndProject
Project("{FAE04EC0-301F-11D3-BF4B-00C04F79EFBC}") = "Test", "Test\Test.csproj", "{1B8FF071-7F58-4AA0-A018-43BAB96E4E3B}"
EndProject
Project("{FAE04EC0-301F-11D3-BF4B-00C04F79EFBC}") = "DAL", "DAL\DAL.csproj", "{03E3F57A-24BE-42DF-8E38-A4BB29DE3D68}"
EndProject
Global
	GlobalSection(SolutionConfigurationPlatforms) = preSolution
		Debug|Any CPU = Debug|Any CPU
		Release|Any CPU = Release|Any CPU
	EndGlobalSection
	GlobalSection(ProjectConfigurationPlatforms) = postSolution
		{87B1C0F0-E604-4B23-AB35-0AD10992D870}.Debug|Any CPU.ActiveCfg = Debug|Any CPU
		{87B1C0F0-E604-4B23-AB35-0AD10992D870}.Debug|Any CPU.Build.0 = Debug|Any CPU
		{87B1C0F0-E604-4B23-AB35-0AD10992D870}.Release|Any CPU.ActiveCfg = Release|Any CPU
		{87B1C0F0-E604-4B23-AB35-0AD10992D870}.Release|Any CPU.Build.0 = Release|Any CPU
		{81F3E77A-6DF2-4E50-92B6-3D644E56D98B}.Debug|Any CPU.ActiveCfg = Debug|Any CPU
		{81F3E77A-6DF2-4E50-92B6-3D644E56D98B}.Debug|Any CPU.Build.0 = Debug|Any CPU
		{81F3E77A-6DF2-4E50-92B6-3D644E56D98B}.Release|Any CPU.ActiveCfg = Release|Any CPU
		{81F3E77A-6DF2-4E50-92B6-3D644E56D98B}.Release|Any CPU.Build.0 = Release|Any CPU
		{1B8FF071-7F58-4AA0-A018-43BAB96E4E3B}.Debug|Any CPU.ActiveCfg = Debug|Any CPU
		{1B8FF071-7F58-4AA0-A018-43BAB96E4E3B}.Debug|Any CPU.Build.0 = Debug|Any CPU
		{1B8FF071-7F58-4AA0-A018-43BAB96E4E3B}.Release|Any CPU.ActiveCfg = Release|Any CPU
		{1B8FF071-7F58-4AA0-A018-43BAB96E4E3B}.Release|Any CPU.Build.0 = Release|Any CPU
		{03E3F57A-24BE-42DF-8E38-A4BB29DE3D68}.Debug|Any CPU.ActiveCfg = Debug|Any CPU
		{03E3F57A-24BE-42DF-8E38-A4BB29DE3D68}.Debug|Any CPU.Build.0 = Debug|Any CPU
		{03E3F57A-24BE-42DF-8E38-A4BB29DE3D68}.Release|Any CPU.ActiveCfg = Release|Any CPU
		{03E3F57A-24BE-42DF-8E38-A4BB29DE3D68}.Release|Any CPU.Build.0 = Release|Any CPU
	EndGlobalSection
EndGlobal
